
Microsoft Visual Studio Solution File, Format Version 12.00
# Visual Studio Version 16
VisualStudioVersion = 16.0.29806.167
MinimumVisualStudioVersion = 10.0.40219.1
Project("{FAE04EC0-301F-11D3-BF4B-00C04F79EFBC}") = "Voorbeeld-Func-Action", "Voorbeeld-Func-Action\Voorbeeld-Func-Action.csproj", "{EF0E0E86-33C6-4C32-8A67-EA48053F361C}"
EndProject
Project("{FAE04EC0-301F-11D3-BF4B-00C04F79EFBC}") = "Voorbeeld-Func", "Voorbeeld-Func\Voorbeeld-Func.csproj", "{6BFFA51D-902D-4F1C-88D5-44BCD2029B27}"
EndProject
Project("{FAE04EC0-301F-11D3-BF4B-00C04F79EFBC}") = "Voorbeeld-Func-LINQ", "Voorbeeld-Func-LINQ\Voorbeeld-Func-LINQ.csproj", "{0E5C0094-A5D9-46F2-9BF6-BD60B2DAD7CE}"
EndProject
Project("{FAE04EC0-301F-11D3-BF4B-00C04F79EFBC}") = "Voorbeeld-Delegates-1", "Voorbeeld-Delegates-1\Voorbeeld-Delegates-1.csproj", "{EE13D58D-9873-47C9-A0BD-D74AE23B4CE2}"
EndProject
Project("{FAE04EC0-301F-11D3-BF4B-00C04F79EFBC}") = "Voorbeeld-Delegates-2", "Voorbeeld-Delegates-2\Voorbeeld-Delegates-2.csproj", "{29BAC3BC-F907-4BC6-B15D-1AD71F2182C3}"
EndProject
Project("{FAE04EC0-301F-11D3-BF4B-00C04F79EFBC}") = "Voorbeeld-Delegates-3", "Voorbeeld-Delegates-3\Voorbeeld-Delegates-3.csproj", "{F7482979-CD5B-4B4C-AC35-4200C2F78D6A}"
EndProject
Project("{FAE04EC0-301F-11D3-BF4B-00C04F79EFBC}") = "Voorbeeld-Events-1", "Voorbeeld-Events-1\Voorbeeld-Events-1.csproj", "{DD36C179-CBC1-44FA-9CBF-AAF3703D674E}"
EndProject
Project("{FAE04EC0-301F-11D3-BF4B-00C04F79EFBC}") = "Voorbeeld-Events-2", "Voorbeeld-Events-2\Voorbeeld-Events-2.csproj", "{AFD2B653-B2E3-405F-BED3-DDB0E01A7533}"
EndProject
Project("{FAE04EC0-301F-11D3-BF4B-00C04F79EFBC}") = "Oefening-Events", "Oefening-Events\Oefening-Events.csproj", "{DE6B8B47-5A49-4A09-B17E-CB385ED2ABA4}"
EndProject
Project("{FAE04EC0-301F-11D3-BF4B-00C04F79EFBC}") = "Oefening-Events-2", "Oefening-Events-2\Oefening-Events-2.csproj", "{FA5D886A-3710-428E-886B-EAE7BD75A7A7}"
EndProject
Project("{9A19103F-16F7-4668-BE54-9A1E7A4F7556}") = "Oefening-Delegates-2-CORE", "Oefening-Delegates-2-CORE\Oefening-Delegates-2-CORE.csproj", "{6E6CE94C-6B93-4925-AE7A-C2AD69E94AC4}"
EndProject
Project("{FAE04EC0-301F-11D3-BF4B-00C04F79EFBC}") = "Oefening-Delegates-2", "Oefening-Delegates-2\Oefening-Delegates-2.csproj", "{A9AEECBE-47C9-426A-9FC4-405FB02B96AD}"
EndProject
Project("{FAE04EC0-301F-11D3-BF4B-00C04F79EFBC}") = "Oefening-Delegates-1", "Oefening-Delegates-1\Oefening-Delegates-1.csproj", "{4CFDCDDE-FA7A-44AD-BA56-9C603A2A6D21}"
EndProject
Global
	GlobalSection(SolutionConfigurationPlatforms) = preSolution
		Debug|Any CPU = Debug|Any CPU
		Release|Any CPU = Release|Any CPU
	EndGlobalSection
	GlobalSection(ProjectConfigurationPlatforms) = postSolution
		{EF0E0E86-33C6-4C32-8A67-EA48053F361C}.Debug|Any CPU.ActiveCfg = Debug|Any CPU
		{EF0E0E86-33C6-4C32-8A67-EA48053F361C}.Debug|Any CPU.Build.0 = Debug|Any CPU
		{EF0E0E86-33C6-4C32-8A67-EA48053F361C}.Release|Any CPU.ActiveCfg = Release|Any CPU
		{EF0E0E86-33C6-4C32-8A67-EA48053F361C}.Release|Any CPU.Build.0 = Release|Any CPU
		{6BFFA51D-902D-4F1C-88D5-44BCD2029B27}.Debug|Any CPU.ActiveCfg = Debug|Any CPU
		{6BFFA51D-902D-4F1C-88D5-44BCD2029B27}.Debug|Any CPU.Build.0 = Debug|Any CPU
		{6BFFA51D-902D-4F1C-88D5-44BCD2029B27}.Release|Any CPU.ActiveCfg = Release|Any CPU
		{6BFFA51D-902D-4F1C-88D5-44BCD2029B27}.Release|Any CPU.Build.0 = Release|Any CPU
		{0E5C0094-A5D9-46F2-9BF6-BD60B2DAD7CE}.Debug|Any CPU.ActiveCfg = Debug|Any CPU
		{0E5C0094-A5D9-46F2-9BF6-BD60B2DAD7CE}.Debug|Any CPU.Build.0 = Debug|Any CPU
		{0E5C0094-A5D9-46F2-9BF6-BD60B2DAD7CE}.Release|Any CPU.ActiveCfg = Release|Any CPU
		{0E5C0094-A5D9-46F2-9BF6-BD60B2DAD7CE}.Release|Any CPU.Build.0 = Release|Any CPU
		{EE13D58D-9873-47C9-A0BD-D74AE23B4CE2}.Debug|Any CPU.ActiveCfg = Debug|Any CPU
		{EE13D58D-9873-47C9-A0BD-D74AE23B4CE2}.Debug|Any CPU.Build.0 = Debug|Any CPU
		{EE13D58D-9873-47C9-A0BD-D74AE23B4CE2}.Release|Any CPU.ActiveCfg = Release|Any CPU
		{EE13D58D-9873-47C9-A0BD-D74AE23B4CE2}.Release|Any CPU.Build.0 = Release|Any CPU
		{29BAC3BC-F907-4BC6-B15D-1AD71F2182C3}.Debug|Any CPU.ActiveCfg = Debug|Any CPU
		{29BAC3BC-F907-4BC6-B15D-1AD71F2182C3}.Debug|Any CPU.Build.0 = Debug|Any CPU
		{29BAC3BC-F907-4BC6-B15D-1AD71F2182C3}.Release|Any CPU.ActiveCfg = Release|Any CPU
		{29BAC3BC-F907-4BC6-B15D-1AD71F2182C3}.Release|Any CPU.Build.0 = Release|Any CPU
		{F7482979-CD5B-4B4C-AC35-4200C2F78D6A}.Debug|Any CPU.ActiveCfg = Debug|Any CPU
		{F7482979-CD5B-4B4C-AC35-4200C2F78D6A}.Debug|Any CPU.Build.0 = Debug|Any CPU
		{F7482979-CD5B-4B4C-AC35-4200C2F78D6A}.Release|Any CPU.ActiveCfg = Release|Any CPU
		{F7482979-CD5B-4B4C-AC35-4200C2F78D6A}.Release|Any CPU.Build.0 = Release|Any CPU
		{DD36C179-CBC1-44FA-9CBF-AAF3703D674E}.Debug|Any CPU.ActiveCfg = Debug|Any CPU
		{DD36C179-CBC1-44FA-9CBF-AAF3703D674E}.Debug|Any CPU.Build.0 = Debug|Any CPU
		{DD36C179-CBC1-44FA-9CBF-AAF3703D674E}.Release|Any CPU.ActiveCfg = Release|Any CPU
		{DD36C179-CBC1-44FA-9CBF-AAF3703D674E}.Release|Any CPU.Build.0 = Release|Any CPU
		{AFD2B653-B2E3-405F-BED3-DDB0E01A7533}.Debug|Any CPU.ActiveCfg = Debug|Any CPU
		{AFD2B653-B2E3-405F-BED3-DDB0E01A7533}.Debug|Any CPU.Build.0 = Debug|Any CPU
		{AFD2B653-B2E3-405F-BED3-DDB0E01A7533}.Release|Any CPU.ActiveCfg = Release|Any CPU
		{AFD2B653-B2E3-405F-BED3-DDB0E01A7533}.Release|Any CPU.Build.0 = Release|Any CPU
		{DE6B8B47-5A49-4A09-B17E-CB385ED2ABA4}.Debug|Any CPU.ActiveCfg = Debug|Any CPU
		{DE6B8B47-5A49-4A09-B17E-CB385ED2ABA4}.Debug|Any CPU.Build.0 = Debug|Any CPU
		{DE6B8B47-5A49-4A09-B17E-CB385ED2ABA4}.Release|Any CPU.ActiveCfg = Release|Any CPU
		{DE6B8B47-5A49-4A09-B17E-CB385ED2ABA4}.Release|Any CPU.Build.0 = Release|Any CPU
		{FA5D886A-3710-428E-886B-EAE7BD75A7A7}.Debug|Any CPU.ActiveCfg = Debug|Any CPU
		{FA5D886A-3710-428E-886B-EAE7BD75A7A7}.Debug|Any CPU.Build.0 = Debug|Any CPU
		{FA5D886A-3710-428E-886B-EAE7BD75A7A7}.Release|Any CPU.ActiveCfg = Release|Any CPU
		{FA5D886A-3710-428E-886B-EAE7BD75A7A7}.Release|Any CPU.Build.0 = Release|Any CPU
		{6E6CE94C-6B93-4925-AE7A-C2AD69E94AC4}.Debug|Any CPU.ActiveCfg = Debug|Any CPU
		{6E6CE94C-6B93-4925-AE7A-C2AD69E94AC4}.Debug|Any CPU.Build.0 = Debug|Any CPU
		{6E6CE94C-6B93-4925-AE7A-C2AD69E94AC4}.Release|Any CPU.ActiveCfg = Release|Any CPU
		{6E6CE94C-6B93-4925-AE7A-C2AD69E94AC4}.Release|Any CPU.Build.0 = Release|Any CPU
		{A9AEECBE-47C9-426A-9FC4-405FB02B96AD}.Debug|Any CPU.ActiveCfg = Debug|Any CPU
		{A9AEECBE-47C9-426A-9FC4-405FB02B96AD}.Debug|Any CPU.Build.0 = Debug|Any CPU
		{A9AEECBE-47C9-426A-9FC4-405FB02B96AD}.Release|Any CPU.ActiveCfg = Release|Any CPU
		{A9AEECBE-47C9-426A-9FC4-405FB02B96AD}.Release|Any CPU.Build.0 = Release|Any CPU
		{4CFDCDDE-FA7A-44AD-BA56-9C603A2A6D21}.Debug|Any CPU.ActiveCfg = Debug|Any CPU
		{4CFDCDDE-FA7A-44AD-BA56-9C603A2A6D21}.Debug|Any CPU.Build.0 = Debug|Any CPU
		{4CFDCDDE-FA7A-44AD-BA56-9C603A2A6D21}.Release|Any CPU.ActiveCfg = Release|Any CPU
		{4CFDCDDE-FA7A-44AD-BA56-9C603A2A6D21}.Release|Any CPU.Build.0 = Release|Any CPU
	EndGlobalSection
	GlobalSection(SolutionProperties) = preSolution
		HideSolutionNode = FALSE
	EndGlobalSection
	GlobalSection(ExtensibilityGlobals) = postSolution
		SolutionGuid = {BE2A68F7-6CBC-4B39-9B1D-B1E3E0C200C9}
	EndGlobalSection
EndGlobal
